// !$*UTF8*$!
{
	archiveVersion = 1;
	classes = {
	};
	objectVersion = 56;
	objects = {

/* Begin PBXBuildFile section */
		208466C52A16C8F1005B82A9 /* AppDelegate.swift in Sources */ = {isa = PBXBuildFile; fileRef = 208466C42A16C8F1005B82A9 /* AppDelegate.swift */; };
		208466C72A16C8F1005B82A9 /* SceneDelegate.swift in Sources */ = {isa = PBXBuildFile; fileRef = 208466C62A16C8F1005B82A9 /* SceneDelegate.swift */; };
		208466C92A16C8F1005B82A9 /* MainViewController.swift in Sources */ = {isa = PBXBuildFile; fileRef = 208466C82A16C8F1005B82A9 /* MainViewController.swift */; };
		208466CC2A16C8F1005B82A9 /* MainViewController.storyboard in Resources */ = {isa = PBXBuildFile; fileRef = 208466CA2A16C8F1005B82A9 /* MainViewController.storyboard */; };
		208466CE2A16C8F2005B82A9 /* Assets.xcassets in Resources */ = {isa = PBXBuildFile; fileRef = 208466CD2A16C8F2005B82A9 /* Assets.xcassets */; };
		208466D12A16C8F2005B82A9 /* LaunchScreen.storyboard in Resources */ = {isa = PBXBuildFile; fileRef = 208466CF2A16C8F2005B82A9 /* LaunchScreen.storyboard */; };
		208466D92A16E505005B82A9 /* ListAppearanceViewController.swift in Sources */ = {isa = PBXBuildFile; fileRef = 208466D82A16E505005B82A9 /* ListAppearanceViewController.swift */; };
		208466DB2A16E526005B82A9 /* ListAppearanceViewController.storyboard in Resources */ = {isa = PBXBuildFile; fileRef = 208466DA2A16E526005B82A9 /* ListAppearanceViewController.storyboard */; };
		2085D81E2A28DF2500978ED7 /* GridViewController.swift in Sources */ = {isa = PBXBuildFile; fileRef = 2085D81D2A28DF2500978ED7 /* GridViewController.swift */; };
		2085D8202A28E05700978ED7 /* GridViewController.storyboard in Resources */ = {isa = PBXBuildFile; fileRef = 2085D81F2A28E05700978ED7 /* GridViewController.storyboard */; };
		2085D8222A2D671100978ED7 /* InsetItemsGridViewController.swift in Sources */ = {isa = PBXBuildFile; fileRef = 2085D8212A2D671000978ED7 /* InsetItemsGridViewController.swift */; };
		2085D8242A2D671C00978ED7 /* InsetItemsGridViewController.storyboard in Resources */ = {isa = PBXBuildFile; fileRef = 2085D8232A2D671C00978ED7 /* InsetItemsGridViewController.storyboard */; };
		2085D8262A2D704400978ED7 /* TwoColumnGridViewController.storyboard in Resources */ = {isa = PBXBuildFile; fileRef = 2085D8252A2D704400978ED7 /* TwoColumnGridViewController.storyboard */; };
		2085D8282A2D705700978ED7 /* TwoColumnGridViewController.swift in Sources */ = {isa = PBXBuildFile; fileRef = 2085D8272A2D705700978ED7 /* TwoColumnGridViewController.swift */; };
		2085D82A2A2D730900978ED7 /* SectionHeaderFooterViewController.swift in Sources */ = {isa = PBXBuildFile; fileRef = 2085D8292A2D730900978ED7 /* SectionHeaderFooterViewController.swift */; };
		2085D82C2A2D732200978ED7 /* SectionHeaderFooterViewController.storyboard in Resources */ = {isa = PBXBuildFile; fileRef = 2085D82B2A2D732200978ED7 /* SectionHeaderFooterViewController.storyboard */; };
/* End PBXBuildFile section */

/* Begin PBXFileReference section */
		208466C12A16C8F1005B82A9 /* SampleCollection.app */ = {isa = PBXFileReference; explicitFileType = wrapper.application; includeInIndex = 0; path = SampleCollection.app; sourceTree = BUILT_PRODUCTS_DIR; };
		208466C42A16C8F1005B82A9 /* AppDelegate.swift */ = {isa = PBXFileReference; lastKnownFileType = sourcecode.swift; path = AppDelegate.swift; sourceTree = "<group>"; };
		208466C62A16C8F1005B82A9 /* SceneDelegate.swift */ = {isa = PBXFileReference; lastKnownFileType = sourcecode.swift; path = SceneDelegate.swift; sourceTree = "<group>"; };
		208466C82A16C8F1005B82A9 /* MainViewController.swift */ = {isa = PBXFileReference; lastKnownFileType = sourcecode.swift; path = MainViewController.swift; sourceTree = "<group>"; };
		208466CB2A16C8F1005B82A9 /* Base */ = {isa = PBXFileReference; lastKnownFileType = file.storyboard; name = Base; path = Base.lproj/MainViewController.storyboard; sourceTree = "<group>"; };
		208466CD2A16C8F2005B82A9 /* Assets.xcassets */ = {isa = PBXFileReference; lastKnownFileType = folder.assetcatalog; path = Assets.xcassets; sourceTree = "<group>"; };
		208466D02A16C8F2005B82A9 /* Base */ = {isa = PBXFileReference; lastKnownFileType = file.storyboard; name = Base; path = Base.lproj/LaunchScreen.storyboard; sourceTree = "<group>"; };
		208466D22A16C8F2005B82A9 /* Info.plist */ = {isa = PBXFileReference; lastKnownFileType = text.plist.xml; path = Info.plist; sourceTree = "<group>"; };
		208466D82A16E505005B82A9 /* ListAppearanceViewController.swift */ = {isa = PBXFileReference; lastKnownFileType = sourcecode.swift; path = ListAppearanceViewController.swift; sourceTree = "<group>"; };
		208466DA2A16E526005B82A9 /* ListAppearanceViewController.storyboard */ = {isa = PBXFileReference; lastKnownFileType = file.storyboard; path = ListAppearanceViewController.storyboard; sourceTree = "<group>"; };
		2085D81D2A28DF2500978ED7 /* GridViewController.swift */ = {isa = PBXFileReference; lastKnownFileType = sourcecode.swift; path = GridViewController.swift; sourceTree = "<group>"; };
		2085D81F2A28E05700978ED7 /* GridViewController.storyboard */ = {isa = PBXFileReference; lastKnownFileType = file.storyboard; path = GridViewController.storyboard; sourceTree = "<group>"; };
		2085D8212A2D671000978ED7 /* InsetItemsGridViewController.swift */ = {isa = PBXFileReference; lastKnownFileType = sourcecode.swift; path = InsetItemsGridViewController.swift; sourceTree = "<group>"; };
		2085D8232A2D671C00978ED7 /* InsetItemsGridViewController.storyboard */ = {isa = PBXFileReference; lastKnownFileType = file.storyboard; path = InsetItemsGridViewController.storyboard; sourceTree = "<group>"; };
		2085D8252A2D704400978ED7 /* TwoColumnGridViewController.storyboard */ = {isa = PBXFileReference; lastKnownFileType = file.storyboard; path = TwoColumnGridViewController.storyboard; sourceTree = "<group>"; };
		2085D8272A2D705700978ED7 /* TwoColumnGridViewController.swift */ = {isa = PBXFileReference; lastKnownFileType = sourcecode.swift; path = TwoColumnGridViewController.swift; sourceTree = "<group>"; };
		2085D8292A2D730900978ED7 /* SectionHeaderFooterViewController.swift */ = {isa = PBXFileReference; lastKnownFileType = sourcecode.swift; path = SectionHeaderFooterViewController.swift; sourceTree = "<group>"; };
		2085D82B2A2D732200978ED7 /* SectionHeaderFooterViewController.storyboard */ = {isa = PBXFileReference; lastKnownFileType = file.storyboard; path = SectionHeaderFooterViewController.storyboard; sourceTree = "<group>"; };
/* End PBXFileReference section */

/* Begin PBXFrameworksBuildPhase section */
		208466BE2A16C8F1005B82A9 /* Frameworks */ = {
			isa = PBXFrameworksBuildPhase;
			buildActionMask = 2147483647;
			files = (
			);
			runOnlyForDeploymentPostprocessing = 0;
		};
/* End PBXFrameworksBuildPhase section */

/* Begin PBXGroup section */
		208466B82A16C8F1005B82A9 = {
			isa = PBXGroup;
			children = (
				208466C32A16C8F1005B82A9 /* SampleCollection */,
				208466C22A16C8F1005B82A9 /* Products */,
			);
			sourceTree = "<group>";
		};
		208466C22A16C8F1005B82A9 /* Products */ = {
			isa = PBXGroup;
			children = (
				208466C12A16C8F1005B82A9 /* SampleCollection.app */,
			);
			name = Products;
			sourceTree = "<group>";
		};
		208466C32A16C8F1005B82A9 /* SampleCollection */ = {
			isa = PBXGroup;
			children = (
				208466D22A16C8F2005B82A9 /* Info.plist */,
				208466CD2A16C8F2005B82A9 /* Assets.xcassets */,
				208466C42A16C8F1005B82A9 /* AppDelegate.swift */,
				208466C62A16C8F1005B82A9 /* SceneDelegate.swift */,
				208466CF2A16C8F2005B82A9 /* LaunchScreen.storyboard */,
				208466C82A16C8F1005B82A9 /* MainViewController.swift */,
				208466CA2A16C8F1005B82A9 /* MainViewController.storyboard */,
				208466D82A16E505005B82A9 /* ListAppearanceViewController.swift */,
				208466DA2A16E526005B82A9 /* ListAppearanceViewController.storyboard */,
				2085D81D2A28DF2500978ED7 /* GridViewController.swift */,
				2085D81F2A28E05700978ED7 /* GridViewController.storyboard */,
				2085D8212A2D671000978ED7 /* InsetItemsGridViewController.swift */,
				2085D8232A2D671C00978ED7 /* InsetItemsGridViewController.storyboard */,
				2085D8272A2D705700978ED7 /* TwoColumnGridViewController.swift */,
				2085D8252A2D704400978ED7 /* TwoColumnGridViewController.storyboard */,
				2085D8292A2D730900978ED7 /* SectionHeaderFooterViewController.swift */,
				2085D82B2A2D732200978ED7 /* SectionHeaderFooterViewController.storyboard */,
			);
			path = SampleCollection;
			sourceTree = "<group>";
		};
/* End PBXGroup section */

/* Begin PBXNativeTarget section */
		208466C02A16C8F1005B82A9 /* SampleCollection */ = {
			isa = PBXNativeTarget;
			buildConfigurationList = 208466D52A16C8F2005B82A9 /* Build configuration list for PBXNativeTarget "SampleCollection" */;
			buildPhases = (
				208466BD2A16C8F1005B82A9 /* Sources */,
				208466BE2A16C8F1005B82A9 /* Frameworks */,
				208466BF2A16C8F1005B82A9 /* Resources */,
			);
			buildRules = (
			);
			dependencies = (
			);
			name = SampleCollection;
			productName = SampleCollection;
			productReference = 208466C12A16C8F1005B82A9 /* SampleCollection.app */;
			productType = "com.apple.product-type.application";
		};
/* End PBXNativeTarget section */

/* Begin PBXProject section */
		208466B92A16C8F1005B82A9 /* Project object */ = {
			isa = PBXProject;
			attributes = {
				BuildIndependentTargetsInParallel = 1;
				LastSwiftUpdateCheck = 1430;
				LastUpgradeCheck = 1430;
				TargetAttributes = {
					208466C02A16C8F1005B82A9 = {
						CreatedOnToolsVersion = 14.3;
					};
				};
			};
			buildConfigurationList = 208466BC2A16C8F1005B82A9 /* Build configuration list for PBXProject "SampleCollection" */;
			compatibilityVersion = "Xcode 14.0";
			developmentRegion = en;
			hasScannedForEncodings = 0;
			knownRegions = (
				en,
				Base,
			);
			mainGroup = 208466B82A16C8F1005B82A9;
			productRefGroup = 208466C22A16C8F1005B82A9 /* Products */;
			projectDirPath = "";
			projectRoot = "";
			targets = (
				208466C02A16C8F1005B82A9 /* SampleCollection */,
			);
		};
/* End PBXProject section */

/* Begin PBXResourcesBuildPhase section */
		208466BF2A16C8F1005B82A9 /* Resources */ = {
			isa = PBXResourcesBuildPhase;
			buildActionMask = 2147483647;
			files = (
				2085D8242A2D671C00978ED7 /* InsetItemsGridViewController.storyboard in Resources */,
				208466D12A16C8F2005B82A9 /* LaunchScreen.storyboard in Resources */,
				2085D8202A28E05700978ED7 /* GridViewController.storyboard in Resources */,
				208466DB2A16E526005B82A9 /* ListAppearanceViewController.storyboard in Resources */,
				208466CE2A16C8F2005B82A9 /* Assets.xcassets in Resources */,
				208466CC2A16C8F1005B82A9 /* MainViewController.storyboard in Resources */,
				2085D8262A2D704400978ED7 /* TwoColumnGridViewController.storyboard in Resources */,
				2085D82C2A2D732200978ED7 /* SectionHeaderFooterViewController.storyboard in Resources */,
			);
			runOnlyForDeploymentPostprocessing = 0;
		};
/* End PBXResourcesBuildPhase section */

/* Begin PBXSourcesBuildPhase section */
		208466BD2A16C8F1005B82A9 /* Sources */ = {
			isa = PBXSourcesBuildPhase;
			buildActionMask = 2147483647;
			files = (
				208466D92A16E505005B82A9 /* ListAppearanceViewController.swift in Sources */,
				2085D81E2A28DF2500978ED7 /* GridViewController.swift in Sources */,
				2085D8282A2D705700978ED7 /* TwoColumnGridViewController.swift in Sources */,
				208466C92A16C8F1005B82A9 /* MainViewController.swift in Sources */,
				208466C52A16C8F1005B82A9 /* AppDelegate.swift in Sources */,
				208466C72A16C8F1005B82A9 /* SceneDelegate.swift in Sources */,
				2085D82A2A2D730900978ED7 /* SectionHeaderFooterViewController.swift in Sources */,
				2085D8222A2D671100978ED7 /* InsetItemsGridViewController.swift in Sources */,
			);
			runOnlyForDeploymentPostprocessing = 0;
		};
/* End PBXSourcesBuildPhase section */

/* Begin PBXVariantGroup section */
		208466CA2A16C8F1005B82A9 /* MainViewController.storyboard */ = {
			isa = PBXVariantGroup;
			children = (
				208466CB2A16C8F1005B82A9 /* Base */,
			);
			name = MainViewController.storyboard;
			sourceTree = "<group>";
		};
		208466CF2A16C8F2005B82A9 /* LaunchScreen.storyboard */ = {
			isa = PBXVariantGroup;
			children = (
				208466D02A16C8F2005B82A9 /* Base */,
			);
			name = LaunchScreen.storyboard;
			sourceTree = "<group>";
		};
/* End PBXVariantGroup section */

/* Begin XCBuildConfiguration section */
		208466D32A16C8F2005B82A9 /* Debug */ = {
			isa = XCBuildConfiguration;
			buildSettings = {
				ALWAYS_SEARCH_USER_PATHS = NO;
				CLANG_ANALYZER_NONNULL = YES;
				CLANG_ANALYZER_NUMBER_OBJECT_CONVERSION = YES_AGGRESSIVE;
				CLANG_CXX_LANGUAGE_STANDARD = "gnu++20";
				CLANG_ENABLE_MODULES = YES;
				CLANG_ENABLE_OBJC_ARC = YES;
				CLANG_ENABLE_OBJC_WEAK = YES;
				CLANG_WARN_BLOCK_CAPTURE_AUTORELEASING = YES;
				CLANG_WARN_BOOL_CONVERSION = YES;
				CLANG_WARN_COMMA = YES;
				CLANG_WARN_CONSTANT_CONVERSION = YES;
				CLANG_WARN_DEPRECATED_OBJC_IMPLEMENTATIONS = YES;
				CLANG_WARN_DIRECT_OBJC_ISA_USAGE = YES_ERROR;
				CLANG_WARN_DOCUMENTATION_COMMENTS = YES;
				CLANG_WARN_EMPTY_BODY = YES;
				CLANG_WARN_ENUM_CONVERSION = YES;
				CLANG_WARN_INFINITE_RECURSION = YES;
				CLANG_WARN_INT_CONVERSION = YES;
				CLANG_WARN_NON_LITERAL_NULL_CONVERSION = YES;
				CLANG_WARN_OBJC_IMPLICIT_RETAIN_SELF = YES;
				CLANG_WARN_OBJC_LITERAL_CONVERSION = YES;
				CLANG_WARN_OBJC_ROOT_CLASS = YES_ERROR;
				CLANG_WARN_QUOTED_INCLUDE_IN_FRAMEWORK_HEADER = YES;
				CLANG_WARN_RANGE_LOOP_ANALYSIS = YES;
				CLANG_WARN_STRICT_PROTOTYPES = YES;
				CLANG_WARN_SUSPICIOUS_MOVE = YES;
				CLANG_WARN_UNGUARDED_AVAILABILITY = YES_AGGRESSIVE;
				CLANG_WARN_UNREACHABLE_CODE = YES;
				CLANG_WARN__DUPLICATE_METHOD_MATCH = YES;
				COPY_PHASE_STRIP = NO;
				DEBUG_INFORMATION_FORMAT = dwarf;
				ENABLE_STRICT_OBJC_MSGSEND = YES;
				ENABLE_TESTABILITY = YES;
				GCC_C_LANGUAGE_STANDARD = gnu11;
				GCC_DYNAMIC_NO_PIC = NO;
				GCC_NO_COMMON_BLOCKS = YES;
				GCC_OPTIMIZATION_LEVEL = 0;
				GCC_PREPROCESSOR_DEFINITIONS = (
					"DEBUG=1",
					"$(inherited)",
				);
				GCC_WARN_64_TO_32_BIT_CONVERSION = YES;
				GCC_WARN_ABOUT_RETURN_TYPE = YES_ERROR;
				GCC_WARN_UNDECLARED_SELECTOR = YES;
				GCC_WARN_UNINITIALIZED_AUTOS = YES_AGGRESSIVE;
				GCC_WARN_UNUSED_FUNCTION = YES;
				GCC_WARN_UNUSED_VARIABLE = YES;
				IPHONEOS_DEPLOYMENT_TARGET = 16.4;
				MTL_ENABLE_DEBUG_INFO = INCLUDE_SOURCE;
				MTL_FAST_MATH = YES;
				ONLY_ACTIVE_ARCH = YES;
				SDKROOT = iphoneos;
				SWIFT_ACTIVE_COMPILATION_CONDITIONS = DEBUG;
				SWIFT_OPTIMIZATION_LEVEL = "-Onone";
			};
			name = Debug;
		};
		208466D42A16C8F2005B82A9 /* Release */ = {
			isa = XCBuildConfiguration;
			buildSettings = {
				ALWAYS_SEARCH_USER_PATHS = NO;
				CLANG_ANALYZER_NONNULL = YES;
				CLANG_ANALYZER_NUMBER_OBJECT_CONVERSION = YES_AGGRESSIVE;
				CLANG_CXX_LANGUAGE_STANDARD = "gnu++20";
				CLANG_ENABLE_MODULES = YES;
				CLANG_ENABLE_OBJC_ARC = YES;
				CLANG_ENABLE_OBJC_WEAK = YES;
				CLANG_WARN_BLOCK_CAPTURE_AUTORELEASING = YES;
				CLANG_WARN_BOOL_CONVERSION = YES;
				CLANG_WARN_COMMA = YES;
				CLANG_WARN_CONSTANT_CONVERSION = YES;
				CLANG_WARN_DEPRECATED_OBJC_IMPLEMENTATIONS = YES;
				CLANG_WARN_DIRECT_OBJC_ISA_USAGE = YES_ERROR;
				CLANG_WARN_DOCUMENTATION_COMMENTS = YES;
				CLANG_WARN_EMPTY_BODY = YES;
				CLANG_WARN_ENUM_CONVERSION = YES;
				CLANG_WARN_INFINITE_RECURSION = YES;
				CLANG_WARN_INT_CONVERSION = YES;
				CLANG_WARN_NON_LITERAL_NULL_CONVERSION = YES;
				CLANG_WARN_OBJC_IMPLICIT_RETAIN_SELF = YES;
				CLANG_WARN_OBJC_LITERAL_CONVERSION = YES;
				CLANG_WARN_OBJC_ROOT_CLASS = YES_ERROR;
				CLANG_WARN_QUOTED_INCLUDE_IN_FRAMEWORK_HEADER = YES;
				CLANG_WARN_RANGE_LOOP_ANALYSIS = YES;
				CLANG_WARN_STRICT_PROTOTYPES = YES;
				CLANG_WARN_SUSPICIOUS_MOVE = YES;
				CLANG_WARN_UNGUARDED_AVAILABILITY = YES_AGGRESSIVE;
				CLANG_WARN_UNREACHABLE_CODE = YES;
				CLANG_WARN__DUPLICATE_METHOD_MATCH = YES;
				COPY_PHASE_STRIP = NO;
				DEBUG_INFORMATION_FORMAT = "dwarf-with-dsym";
				ENABLE_NS_ASSERTIONS = NO;
				ENABLE_STRICT_OBJC_MSGSEND = YES;
				GCC_C_LANGUAGE_STANDARD = gnu11;
				GCC_NO_COMMON_BLOCKS = YES;
				GCC_WARN_64_TO_32_BIT_CONVERSION = YES;
				GCC_WARN_ABOUT_RETURN_TYPE = YES_ERROR;
				GCC_WARN_UNDECLARED_SELECTOR = YES;
				GCC_WARN_UNINITIALIZED_AUTOS = YES_AGGRESSIVE;
				GCC_WARN_UNUSED_FUNCTION = YES;
				GCC_WARN_UNUSED_VARIABLE = YES;
				IPHONEOS_DEPLOYMENT_TARGET = 16.4;
				MTL_ENABLE_DEBUG_INFO = NO;
				MTL_FAST_MATH = YES;
				SDKROOT = iphoneos;
				SWIFT_COMPILATION_MODE = wholemodule;
				SWIFT_OPTIMIZATION_LEVEL = "-O";
				VALIDATE_PRODUCT = YES;
			};
			name = Release;
		};
		208466D62A16C8F2005B82A9 /* Debug */ = {
			isa = XCBuildConfiguration;
			buildSettings = {
				ASSETCATALOG_COMPILER_APPICON_NAME = AppIcon;
				ASSETCATALOG_COMPILER_GLOBAL_ACCENT_COLOR_NAME = AccentColor;
				CODE_SIGN_STYLE = Automatic;
				CURRENT_PROJECT_VERSION = 1;
				DEVELOPMENT_TEAM = 98UFL8A7L4;
				GENERATE_INFOPLIST_FILE = YES;
				INFOPLIST_FILE = SampleCollection/Info.plist;
				INFOPLIST_KEY_UIApplicationSupportsIndirectInputEvents = YES;
				INFOPLIST_KEY_UILaunchStoryboardName = LaunchScreen;
				INFOPLIST_KEY_UIMainStoryboardFile = MainViewController;
				INFOPLIST_KEY_UISupportedInterfaceOrientations_iPad = "UIInterfaceOrientationPortrait UIInterfaceOrientationPortraitUpsideDown UIInterfaceOrientationLandscapeLeft UIInterfaceOrientationLandscapeRight";
				INFOPLIST_KEY_UISupportedInterfaceOrientations_iPhone = "UIInterfaceOrientationPortrait UIInterfaceOrientationLandscapeLeft UIInterfaceOrientationLandscapeRight";
				LD_RUNPATH_SEARCH_PATHS = (
					"$(inherited)",
					"@executable_path/Frameworks",
				);
				MARKETING_VERSION = 1.0;
				PRODUCT_BUNDLE_IDENTIFIER = com.fuwamaki.SampleCollection;
				PRODUCT_NAME = "$(TARGET_NAME)";
				SWIFT_EMIT_LOC_STRINGS = YES;
				SWIFT_VERSION = 5.0;
				TARGETED_DEVICE_FAMILY = "1,2";
			};
			name = Debug;
		};
		208466D72A16C8F2005B82A9 /* Release */ = {
			isa = XCBuildConfiguration;
			buildSettings = {
				ASSETCATALOG_COMPILER_APPICON_NAME = AppIcon;
				ASSETCATALOG_COMPILER_GLOBAL_ACCENT_COLOR_NAME = AccentColor;
				CODE_SIGN_STYLE = Automatic;
				CURRENT_PROJECT_VERSION = 1;
				DEVELOPMENT_TEAM = 98UFL8A7L4;
				GENERATE_INFOPLIST_FILE = YES;
				INFOPLIST_FILE = SampleCollection/Info.plist;
				INFOPLIST_KEY_UIApplicationSupportsIndirectInputEvents = YES;
				INFOPLIST_KEY_UILaunchStoryboardName = LaunchScreen;
				INFOPLIST_KEY_UIMainStoryboardFile = MainViewController;
				INFOPLIST_KEY_UISupportedInterfaceOrientations_iPad = "UIInterfaceOrientationPortrait UIInterfaceOrientationPortraitUpsideDown UIInterfaceOrientationLandscapeLeft UIInterfaceOrientationLandscapeRight";
				INFOPLIST_KEY_UISupportedInterfaceOrientations_iPhone = "UIInterfaceOrientationPortrait UIInterfaceOrientationLandscapeLeft UIInterfaceOrientationLandscapeRight";
				LD_RUNPATH_SEARCH_PATHS = (
					"$(inherited)",
					"@executable_path/Frameworks",
				);
				MARKETING_VERSION = 1.0;
				PRODUCT_BUNDLE_IDENTIFIER = com.fuwamaki.SampleCollection;
				PRODUCT_NAME = "$(TARGET_NAME)";
				SWIFT_EMIT_LOC_STRINGS = YES;
				SWIFT_VERSION = 5.0;
				TARGETED_DEVICE_FAMILY = "1,2";
			};
			name = Release;
		};
/* End XCBuildConfiguration section */

/* Begin XCConfigurationList section */
		208466BC2A16C8F1005B82A9 /* Build configuration list for PBXProject "SampleCollection" */ = {
			isa = XCConfigurationList;
			buildConfigurations = (
				208466D32A16C8F2005B82A9 /* Debug */,
				208466D42A16C8F2005B82A9 /* Release */,
			);
			defaultConfigurationIsVisible = 0;
			defaultConfigurationName = Release;
		};
		208466D52A16C8F2005B82A9 /* Build configuration list for PBXNativeTarget "SampleCollection" */ = {
			isa = XCConfigurationList;
			buildConfigurations = (
				208466D62A16C8F2005B82A9 /* Debug */,
				208466D72A16C8F2005B82A9 /* Release */,
			);
			defaultConfigurationIsVisible = 0;
			defaultConfigurationName = Release;
		};
/* End XCConfigurationList section */
	};
	rootObject = 208466B92A16C8F1005B82A9 /* Project object */;
}
